
Microsoft Visual Studio Solution File, Format Version 12.00
# Visual Studio 15
VisualStudioVersion = 15.0.26730.16
MinimumVisualStudioVersion = 10.0.40219.1
Project("{9A19103F-16F7-4668-BE54-9A1E7A4F7556}") = "SJP.GenerationRex", "SJP.GenerationRex\SJP.GenerationRex.csproj", "{8570A3BB-ACD0-48A3-84FD-BE672E69E631}"
EndProject
Project("{9A19103F-16F7-4668-BE54-9A1E7A4F7556}") = "SJP.GenerationRex.Tests", "SJP.GenerationRex.Tests\SJP.GenerationRex.Tests.csproj", "{A806FB89-9E1C-40C4-A006-7CE11E7983B9}"
EndProject
Global
	GlobalSection(SolutionConfigurationPlatforms) = preSolution
		Debug|Any CPU = Debug|Any CPU
		Release|Any CPU = Release|Any CPU
	EndGlobalSection
	GlobalSection(ProjectConfigurationPlatforms) = postSolution
		{8570A3BB-ACD0-48A3-84FD-BE672E69E631}.Debug|Any CPU.ActiveCfg = Debug|Any CPU
		{8570A3BB-ACD0-48A3-84FD-BE672E69E631}.Debug|Any CPU.Build.0 = Debug|Any CPU
		{8570A3BB-ACD0-48A3-84FD-BE672E69E631}.Release|Any CPU.ActiveCfg = Release|Any CPU
		{8570A3BB-ACD0-48A3-84FD-BE672E69E631}.Release|Any CPU.Build.0 = Release|Any CPU
		{A806FB89-9E1C-40C4-A006-7CE11E7983B9}.Debug|Any CPU.ActiveCfg = Debug|Any CPU
		{A806FB89-9E1C-40C4-A006-7CE11E7983B9}.Debug|Any CPU.Build.0 = Debug|Any CPU
		{A806FB89-9E1C-40C4-A006-7CE11E7983B9}.Release|Any CPU.ActiveCfg = Release|Any CPU
		{A806FB89-9E1C-40C4-A006-7CE11E7983B9}.Release|Any CPU.Build.0 = Release|Any CPU
	EndGlobalSection
	GlobalSection(SolutionProperties) = preSolution
		HideSolutionNode = FALSE
	EndGlobalSection
	GlobalSection(ExtensibilityGlobals) = postSolution
		SolutionGuid = {CEE0170E-4958-4F45-BFF1-4BA3C6F32C44}
	EndGlobalSection
EndGlobal
